
Microsoft Visual Studio Solution File, Format Version 12.00
# Visual Studio 2013
VisualStudioVersion = 12.0.30501.0
MinimumVisualStudioVersion = 10.0.40219.1
Project("{FAE04EC0-301F-11D3-BF4B-00C04F79EFBC}") = "Muni", "Muni\Muni.csproj", "{649FB2A5-ADC4-4B12-828F-1F5CA28A6113}"
EndProject
Project("{FAE04EC0-301F-11D3-BF4B-00C04F79EFBC}") = "Muni.WP8", "Muni\Muni.WP8.csproj", "{A518F004-E424-4960-94BB-09A08C05C0DE}"
EndProject
Project("{FAE04EC0-301F-11D3-BF4B-00C04F79EFBC}") = "Muni.Android", "Muni\Muni.Android.csproj", "{2A213AD1-A570-4BA1-9A39-604649A788E9}"
EndProject
Project("{FAE04EC0-301F-11D3-BF4B-00C04F79EFBC}") = "Muni.iOS", "Muni\Muni.iOS.csproj", "{E084989F-B3D1-4C85-9394-497F3B5F8B6E}"
EndProject
Project("{FAE04EC0-301F-11D3-BF4B-00C04F79EFBC}") = "Muni.WinRT", "Muni\Muni.WinRT.csproj", "{7DEBF783-1269-48C6-9ADC-18BFB5A6AE5D}"
EndProject
Global
	GlobalSection(SolutionConfigurationPlatforms) = preSolution
		Debug|Any CPU = Debug|Any CPU
		Debug|ARM = Debug|ARM
		Debug|x86 = Debug|x86
		Release|Any CPU = Release|Any CPU
		Release|ARM = Release|ARM
		Release|x86 = Release|x86
	EndGlobalSection
	GlobalSection(ProjectConfigurationPlatforms) = postSolution
		{649FB2A5-ADC4-4B12-828F-1F5CA28A6113}.Debug|Any CPU.ActiveCfg = Debug|Any CPU
		{649FB2A5-ADC4-4B12-828F-1F5CA28A6113}.Debug|Any CPU.Build.0 = Debug|Any CPU
		{649FB2A5-ADC4-4B12-828F-1F5CA28A6113}.Debug|ARM.ActiveCfg = Debug|Any CPU
		{649FB2A5-ADC4-4B12-828F-1F5CA28A6113}.Debug|x86.ActiveCfg = Debug|Any CPU
		{649FB2A5-ADC4-4B12-828F-1F5CA28A6113}.Release|Any CPU.ActiveCfg = Release|Any CPU
		{649FB2A5-ADC4-4B12-828F-1F5CA28A6113}.Release|Any CPU.Build.0 = Release|Any CPU
		{649FB2A5-ADC4-4B12-828F-1F5CA28A6113}.Release|ARM.ActiveCfg = Release|Any CPU
		{649FB2A5-ADC4-4B12-828F-1F5CA28A6113}.Release|x86.ActiveCfg = Release|Any CPU
		{A518F004-E424-4960-94BB-09A08C05C0DE}.Debug|Any CPU.ActiveCfg = Debug|Any CPU
		{A518F004-E424-4960-94BB-09A08C05C0DE}.Debug|Any CPU.Build.0 = Debug|Any CPU
		{A518F004-E424-4960-94BB-09A08C05C0DE}.Debug|ARM.ActiveCfg = Debug|ARM
		{A518F004-E424-4960-94BB-09A08C05C0DE}.Debug|ARM.Build.0 = Debug|ARM
		{A518F004-E424-4960-94BB-09A08C05C0DE}.Debug|x86.ActiveCfg = Debug|x86
		{A518F004-E424-4960-94BB-09A08C05C0DE}.Debug|x86.Build.0 = Debug|x86
		{A518F004-E424-4960-94BB-09A08C05C0DE}.Release|Any CPU.ActiveCfg = Release|Any CPU
		{A518F004-E424-4960-94BB-09A08C05C0DE}.Release|Any CPU.Build.0 = Release|Any CPU
		{A518F004-E424-4960-94BB-09A08C05C0DE}.Release|ARM.ActiveCfg = Release|ARM
		{A518F004-E424-4960-94BB-09A08C05C0DE}.Release|ARM.Build.0 = Release|ARM
		{A518F004-E424-4960-94BB-09A08C05C0DE}.Release|x86.ActiveCfg = Release|x86
		{A518F004-E424-4960-94BB-09A08C05C0DE}.Release|x86.Build.0 = Release|x86
		{2A213AD1-A570-4BA1-9A39-604649A788E9}.Debug|Any CPU.ActiveCfg = Debug|Any CPU
		{2A213AD1-A570-4BA1-9A39-604649A788E9}.Debug|Any CPU.Build.0 = Debug|Any CPU
		{2A213AD1-A570-4BA1-9A39-604649A788E9}.Debug|ARM.ActiveCfg = Debug|Any CPU
		{2A213AD1-A570-4BA1-9A39-604649A788E9}.Debug|x86.ActiveCfg = Debug|Any CPU
		{2A213AD1-A570-4BA1-9A39-604649A788E9}.Release|Any CPU.ActiveCfg = Release|Any CPU
		{2A213AD1-A570-4BA1-9A39-604649A788E9}.Release|Any CPU.Build.0 = Release|Any CPU
		{2A213AD1-A570-4BA1-9A39-604649A788E9}.Release|ARM.ActiveCfg = Release|Any CPU
		{2A213AD1-A570-4BA1-9A39-604649A788E9}.Release|x86.ActiveCfg = Release|Any CPU
		{E084989F-B3D1-4C85-9394-497F3B5F8B6E}.Debug|Any CPU.ActiveCfg = Debug|Any CPU
		{E084989F-B3D1-4C85-9394-497F3B5F8B6E}.Debug|Any CPU.Build.0 = Debug|Any CPU
		{E084989F-B3D1-4C85-9394-497F3B5F8B6E}.Debug|ARM.ActiveCfg = Debug|Any CPU
		{E084989F-B3D1-4C85-9394-497F3B5F8B6E}.Debug|x86.ActiveCfg = Debug|Any CPU
		{E084989F-B3D1-4C85-9394-497F3B5F8B6E}.Release|Any CPU.ActiveCfg = Release|Any CPU
		{E084989F-B3D1-4C85-9394-497F3B5F8B6E}.Release|Any CPU.Build.0 = Release|Any CPU
		{E084989F-B3D1-4C85-9394-497F3B5F8B6E}.Release|ARM.ActiveCfg = Release|Any CPU
		{E084989F-B3D1-4C85-9394-497F3B5F8B6E}.Release|x86.ActiveCfg = Release|Any CPU
		{7DEBF783-1269-48C6-9ADC-18BFB5A6AE5D}.Debug|Any CPU.ActiveCfg = Debug|Any CPU
		{7DEBF783-1269-48C6-9ADC-18BFB5A6AE5D}.Debug|Any CPU.Build.0 = Debug|Any CPU
		{7DEBF783-1269-48C6-9ADC-18BFB5A6AE5D}.Debug|ARM.ActiveCfg = Debug|Any CPU
		{7DEBF783-1269-48C6-9ADC-18BFB5A6AE5D}.Debug|x86.ActiveCfg = Debug|Any CPU
		{7DEBF783-1269-48C6-9ADC-18BFB5A6AE5D}.Release|Any CPU.ActiveCfg = Release|Any CPU
		{7DEBF783-1269-48C6-9ADC-18BFB5A6AE5D}.Release|Any CPU.Build.0 = Release|Any CPU
		{7DEBF783-1269-48C6-9ADC-18BFB5A6AE5D}.Release|ARM.ActiveCfg = Release|Any CPU
		{7DEBF783-1269-48C6-9ADC-18BFB5A6AE5D}.Release|x86.ActiveCfg = Release|Any CPU
	EndGlobalSection
	GlobalSection(SolutionProperties) = preSolution
		HideSolutionNode = FALSE
	EndGlobalSection
EndGlobal
